
Microsoft Visual Studio Solution File, Format Version 12.00
# Visual Studio Version 17
VisualStudioVersion = 17.1.32319.34
MinimumVisualStudioVersion = 10.0.40219.1
Project("{FAE04EC0-301F-11D3-BF4B-00C04F79EFBC}") = "APITemplate", "APITemplate\APITemplate.csproj", "{ECA1CF1B-08FA-4FA2-B82F-3AC7B5B6CFB5}"
EndProject
Global
	GlobalSection(SolutionConfigurationPlatforms) = preSolution
		Debug|Any CPU = Debug|Any CPU
		Release|Any CPU = Release|Any CPU
	EndGlobalSection
	GlobalSection(ProjectConfigurationPlatforms) = postSolution
		{ECA1CF1B-08FA-4FA2-B82F-3AC7B5B6CFB5}.Debug|Any CPU.ActiveCfg = Debug|Any CPU
		{ECA1CF1B-08FA-4FA2-B82F-3AC7B5B6CFB5}.Debug|Any CPU.Build.0 = Debug|Any CPU
		{ECA1CF1B-08FA-4FA2-B82F-3AC7B5B6CFB5}.Release|Any CPU.ActiveCfg = Release|Any CPU
		{ECA1CF1B-08FA-4FA2-B82F-3AC7B5B6CFB5}.Release|Any CPU.Build.0 = Release|Any CPU
	EndGlobalSection
	GlobalSection(SolutionProperties) = preSolution
		HideSolutionNode = FALSE
	EndGlobalSection
	GlobalSection(ExtensibilityGlobals) = postSolution
		SolutionGuid = {17382D4B-184D-473D-87C0-B27651C2E1FC}
	EndGlobalSection
EndGlobal
